{
  "version": "5",
  "specifiers": {
    "jsr:@std/encoding@1": "1.0.11"
  },
  "jsr": {
    "@std/encoding@1.0.11": {
      "integrity": "e7cef2f0b3153bccc17431e7c864a1de03a4b6d9647389c43e08aaa775d37385"
    }
  },
  "workspace": {
    "packageJson": {
      "dependencies": [
        "npm:@biomejs/biome@^2.5.15",
        "npm:@stylexjs/stylex@~0.19.1",
        "npm:@stylexjs/unplugin@~0.19.1",
        "npm:@supabase/supabase-js@^2.117.2",
        "npm:@types/react-dom@^19.3.0",
        "npm:@types/react@^19.3.0",
        "npm:@vitejs/plugin-react@^6.1.1",
        "npm:react-dom@^19.3.0",
        "npm:react-router-dom@^7.18.4",
        "npm:react@^19.3.0",
        "npm:typescript@^7.0.2",
        "npm:vite@^8.3.2"
      ]
    }
  }
}
